
Microsoft Visual Studio Solution File, Format Version 12.00
# Visual Studio Version 17
VisualStudioVersion = 17.9.34728.123
MinimumVisualStudioVersion = 10.0.40219.1
Project("{FAE04EC0-301F-11D3-BF4B-00C04F79EFBC}") = "MainApp", "MainApp\MainApp.csproj", "{EBA0237A-06D7-4889-9BC2-716070FBD110}"
EndProject
Project("{FAE04EC0-301F-11D3-BF4B-00C04F79EFBC}") = "Sidecar", "Sidecar\Sidecar.csproj", "{FBA926EF-05E7-4076-B8A2-2BCC4743B255}"
EndProject
Global
	GlobalSection(SolutionConfigurationPlatforms) = preSolution
		Debug|Any CPU = Debug|Any CPU
		Release|Any CPU = Release|Any CPU
	EndGlobalSection
	GlobalSection(ProjectConfigurationPlatforms) = postSolution
		{EBA0237A-06D7-4889-9BC2-716070FBD110}.Debug|Any CPU.ActiveCfg = Debug|Any CPU
		{EBA0237A-06D7-4889-9BC2-716070FBD110}.Debug|Any CPU.Build.0 = Debug|Any CPU
		{EBA0237A-06D7-4889-9BC2-716070FBD110}.Release|Any CPU.ActiveCfg = Release|Any CPU
		{EBA0237A-06D7-4889-9BC2-716070FBD110}.Release|Any CPU.Build.0 = Release|Any CPU
		{FBA926EF-05E7-4076-B8A2-2BCC4743B255}.Debug|Any CPU.ActiveCfg = Debug|Any CPU
		{FBA926EF-05E7-4076-B8A2-2BCC4743B255}.Debug|Any CPU.Build.0 = Debug|Any CPU
		{FBA926EF-05E7-4076-B8A2-2BCC4743B255}.Release|Any CPU.ActiveCfg = Release|Any CPU
		{FBA926EF-05E7-4076-B8A2-2BCC4743B255}.Release|Any CPU.Build.0 = Release|Any CPU
	EndGlobalSection
	GlobalSection(SolutionProperties) = preSolution
		HideSolutionNode = FALSE
	EndGlobalSection
	GlobalSection(ExtensibilityGlobals) = postSolution
		SolutionGuid = {98F8A9E3-FB4E-468C-AE58-9FEA803CB547}
	EndGlobalSection
EndGlobal
